Microsoft Visual Studio Solution File, Format Version 12.00
# Visual Studio Version 16
VisualStudioVersion = 16.0.28803.202
MinimumVisualStudioVersion = 10.0.40219.1
Project("{9A19103F-16F7-4668-BE54-9A1E7A4F7556}") = "System.CoreFX.Forms", "src\System.CoreFX.Forms\System.CoreFX.Forms.csproj", "{FA220ECD-E37C-4A95-8A7E-5DFD7F01F376}"
EndProject
Project("{FAE04EC0-301F-11D3-BF4B-00C04F79EFBC}") = "Modern.Forms", "src\Modern.Forms\Modern.Forms.csproj", "{384E4147-2CA3-46DB-A4F9-2A6EB118B527}"
EndProject
Project("{9A19103F-16F7-4668-BE54-9A1E7A4F7556}") = "Explorer", "samples\Explorer\Explorer.csproj", "{0E141F62-EC4C-4DBD-9258-FAD4421DB8B1}"
EndProject
Global
	GlobalSection(SolutionConfigurationPlatforms) = preSolution
		Debug|Any CPU = Debug|Any CPU
		Release|Any CPU = Release|Any CPU
	EndGlobalSection
	GlobalSection(ProjectConfigurationPlatforms) = postSolution
		{FA220ECD-E37C-4A95-8A7E-5DFD7F01F376}.Debug|Any CPU.ActiveCfg = Debug|Any CPU
		{FA220ECD-E37C-4A95-8A7E-5DFD7F01F376}.Debug|Any CPU.Build.0 = Debug|Any CPU
		{FA220ECD-E37C-4A95-8A7E-5DFD7F01F376}.Release|Any CPU.ActiveCfg = Release|Any CPU
		{FA220ECD-E37C-4A95-8A7E-5DFD7F01F376}.Release|Any CPU.Build.0 = Release|Any CPU
		{0E141F62-EC4C-4DBD-9258-FAD4421DB8B1}.Debug|Any CPU.ActiveCfg = Debug|Any CPU
		{0E141F62-EC4C-4DBD-9258-FAD4421DB8B1}.Debug|Any CPU.Build.0 = Debug|Any CPU
		{0E141F62-EC4C-4DBD-9258-FAD4421DB8B1}.Release|Any CPU.ActiveCfg = Release|Any CPU
		{0E141F62-EC4C-4DBD-9258-FAD4421DB8B1}.Release|Any CPU.Build.0 = Release|Any CPU
		{384E4147-2CA3-46DB-A4F9-2A6EB118B527}.Debug|Any CPU.ActiveCfg = Debug|Any CPU
		{384E4147-2CA3-46DB-A4F9-2A6EB118B527}.Debug|Any CPU.Build.0 = Debug|Any CPU
		{384E4147-2CA3-46DB-A4F9-2A6EB118B527}.Release|Any CPU.ActiveCfg = Release|Any CPU
		{384E4147-2CA3-46DB-A4F9-2A6EB118B527}.Release|Any CPU.Build.0 = Release|Any CPU
	EndGlobalSection
	GlobalSection(SolutionProperties) = preSolution
		HideSolutionNode = FALSE
	EndGlobalSection
	GlobalSection(ExtensibilityGlobals) = postSolution
		SolutionGuid = {81A8D592-7E7C-4119-99BB-24D953F76BC2}
	EndGlobalSection
EndGlobal
