
Microsoft Visual Studio Solution File, Format Version 12.00
# Visual Studio Version 16
VisualStudioVersion = 16.0.28803.202
MinimumVisualStudioVersion = 10.0.40219.1
Project("{9A19103F-16F7-4668-BE54-9A1E7A4F7556}") = "Modern.Forms", "src\Modern.Forms\Modern.Forms.csproj", "{384E4147-2CA3-46DB-A4F9-2A6EB118B527}"
EndProject
Project("{9A19103F-16F7-4668-BE54-9A1E7A4F7556}") = "Explore", "samples\Explorer\Explore.csproj", "{0E141F62-EC4C-4DBD-9258-FAD4421DB8B1}"
EndProject
Project("{2150E333-8FDC-42A3-9474-1A3956D46DE8}") = "Docs", "Docs", "{307D56E2-8989-4C52-BFD7-E7A62E262280}"
	ProjectSection(SolutionItems) = preProject
		controls.txt = controls.txt
	EndProjectSection
EndProject
Project("{9A19103F-16F7-4668-BE54-9A1E7A4F7556}") = "ControlGallery", "samples\ControlGallery\ControlGallery.csproj", "{CCA86CCB-49D3-43C7-8A5D-346953F2375D}"
EndProject
Project("{2150E333-8FDC-42A3-9474-1A3956D46DE8}") = "Tests", "Tests", "{1482AD09-D57B-4CE9-91C8-B186B005B802}"
EndProject
Project("{9A19103F-16F7-4668-BE54-9A1E7A4F7556}") = "Modern.Forms.Tests", "tests\Modern.Forms.Tests\Modern.Forms.Tests.csproj", "{988C5E0E-0EC4-4F0F-8BB6-4AD3DE96A41C}"
EndProject
Project("{2150E333-8FDC-42A3-9474-1A3956D46DE8}") = "Samples", "Samples", "{8A6441CB-3BFB-429B-B282-EC30F637589E}"
EndProject
Global
	GlobalSection(SolutionConfigurationPlatforms) = preSolution
		Debug|Any CPU = Debug|Any CPU
		Release|Any CPU = Release|Any CPU
	EndGlobalSection
	GlobalSection(ProjectConfigurationPlatforms) = postSolution
		{384E4147-2CA3-46DB-A4F9-2A6EB118B527}.Debug|Any CPU.ActiveCfg = Debug|Any CPU
		{384E4147-2CA3-46DB-A4F9-2A6EB118B527}.Debug|Any CPU.Build.0 = Debug|Any CPU
		{384E4147-2CA3-46DB-A4F9-2A6EB118B527}.Release|Any CPU.ActiveCfg = Release|Any CPU
		{384E4147-2CA3-46DB-A4F9-2A6EB118B527}.Release|Any CPU.Build.0 = Release|Any CPU
		{0E141F62-EC4C-4DBD-9258-FAD4421DB8B1}.Debug|Any CPU.ActiveCfg = Debug|Any CPU
		{0E141F62-EC4C-4DBD-9258-FAD4421DB8B1}.Debug|Any CPU.Build.0 = Debug|Any CPU
		{0E141F62-EC4C-4DBD-9258-FAD4421DB8B1}.Release|Any CPU.ActiveCfg = Release|Any CPU
		{0E141F62-EC4C-4DBD-9258-FAD4421DB8B1}.Release|Any CPU.Build.0 = Release|Any CPU
		{CCA86CCB-49D3-43C7-8A5D-346953F2375D}.Debug|Any CPU.ActiveCfg = Debug|Any CPU
		{CCA86CCB-49D3-43C7-8A5D-346953F2375D}.Debug|Any CPU.Build.0 = Debug|Any CPU
		{CCA86CCB-49D3-43C7-8A5D-346953F2375D}.Release|Any CPU.ActiveCfg = Release|Any CPU
		{CCA86CCB-49D3-43C7-8A5D-346953F2375D}.Release|Any CPU.Build.0 = Release|Any CPU
		{988C5E0E-0EC4-4F0F-8BB6-4AD3DE96A41C}.Debug|Any CPU.ActiveCfg = Debug|Any CPU
		{988C5E0E-0EC4-4F0F-8BB6-4AD3DE96A41C}.Debug|Any CPU.Build.0 = Debug|Any CPU
		{988C5E0E-0EC4-4F0F-8BB6-4AD3DE96A41C}.Release|Any CPU.ActiveCfg = Release|Any CPU
		{988C5E0E-0EC4-4F0F-8BB6-4AD3DE96A41C}.Release|Any CPU.Build.0 = Release|Any CPU
	EndGlobalSection
	GlobalSection(SolutionProperties) = preSolution
		HideSolutionNode = FALSE
	EndGlobalSection
	GlobalSection(NestedProjects) = preSolution
		{0E141F62-EC4C-4DBD-9258-FAD4421DB8B1} = {8A6441CB-3BFB-429B-B282-EC30F637589E}
		{CCA86CCB-49D3-43C7-8A5D-346953F2375D} = {8A6441CB-3BFB-429B-B282-EC30F637589E}
		{988C5E0E-0EC4-4F0F-8BB6-4AD3DE96A41C} = {1482AD09-D57B-4CE9-91C8-B186B005B802}
	EndGlobalSection
	GlobalSection(ExtensibilityGlobals) = postSolution
		SolutionGuid = {81A8D592-7E7C-4119-99BB-24D953F76BC2}
	EndGlobalSection
EndGlobal
